
Microsoft Visual Studio Solution File, Format Version 12.00
# Visual Studio Version 16
VisualStudioVersion = 16.0.31702.278
MinimumVisualStudioVersion = 10.0.40219.1
Project("{9A19103F-16F7-4668-BE54-9A1E7A4F7556}") = "PayrollSystem", "PayrollSystem\PayrollSystem.csproj", "{220A9406-94CC-41F1-9536-DB4E7E18445A}"
EndProject
Project("{9A19103F-16F7-4668-BE54-9A1E7A4F7556}") = "Models", "Models\Models.csproj", "{F6D5465A-CBE4-4065-B822-8BC0BD61147F}"
EndProject
Project("{9A19103F-16F7-4668-BE54-9A1E7A4F7556}") = "Services", "Services\Services.csproj", "{9E4858AD-C240-4E4F-B7F3-D89AFE66DEB3}"
EndProject
Global
	GlobalSection(SolutionConfigurationPlatforms) = preSolution
		Debug|Any CPU = Debug|Any CPU
		Release|Any CPU = Release|Any CPU
	EndGlobalSection
	GlobalSection(ProjectConfigurationPlatforms) = postSolution
		{220A9406-94CC-41F1-9536-DB4E7E18445A}.Debug|Any CPU.ActiveCfg = Debug|Any CPU
		{220A9406-94CC-41F1-9536-DB4E7E18445A}.Debug|Any CPU.Build.0 = Debug|Any CPU
		{220A9406-94CC-41F1-9536-DB4E7E18445A}.Release|Any CPU.ActiveCfg = Release|Any CPU
		{220A9406-94CC-41F1-9536-DB4E7E18445A}.Release|Any CPU.Build.0 = Release|Any CPU
		{F6D5465A-CBE4-4065-B822-8BC0BD61147F}.Debug|Any CPU.ActiveCfg = Debug|Any CPU
		{F6D5465A-CBE4-4065-B822-8BC0BD61147F}.Debug|Any CPU.Build.0 = Debug|Any CPU
		{F6D5465A-CBE4-4065-B822-8BC0BD61147F}.Release|Any CPU.ActiveCfg = Release|Any CPU
		{F6D5465A-CBE4-4065-B822-8BC0BD61147F}.Release|Any CPU.Build.0 = Release|Any CPU
		{9E4858AD-C240-4E4F-B7F3-D89AFE66DEB3}.Debug|Any CPU.ActiveCfg = Debug|Any CPU
		{9E4858AD-C240-4E4F-B7F3-D89AFE66DEB3}.Debug|Any CPU.Build.0 = Debug|Any CPU
		{9E4858AD-C240-4E4F-B7F3-D89AFE66DEB3}.Release|Any CPU.ActiveCfg = Release|Any CPU
		{9E4858AD-C240-4E4F-B7F3-D89AFE66DEB3}.Release|Any CPU.Build.0 = Release|Any CPU
	EndGlobalSection
	GlobalSection(SolutionProperties) = preSolution
		HideSolutionNode = FALSE
	EndGlobalSection
	GlobalSection(ExtensibilityGlobals) = postSolution
		SolutionGuid = {35DBC737-DEB3-4987-B37C-B51E9E13A602}
	EndGlobalSection
EndGlobal
